
Microsoft Visual Studio Solution File, Format Version 12.00
# Visual Studio Version 17
VisualStudioVersion = 17.2.32526.322
MinimumVisualStudioVersion = 10.0.40219.1
Project("{FAE04EC0-301F-11D3-BF4B-00C04F79EFBC}") = "Demo", "Demo\Demo.csproj", "{FCC600C5-46DB-429C-94AE-904F4DAB9245}"
EndProject
Global
	GlobalSection(SolutionConfigurationPlatforms) = preSolution
		Debug|Any CPU = Debug|Any CPU
		Release|Any CPU = Release|Any CPU
	EndGlobalSection
	GlobalSection(ProjectConfigurationPlatforms) = postSolution
		{FCC600C5-46DB-429C-94AE-904F4DAB9245}.Debug|Any CPU.ActiveCfg = Debug|Any CPU
		{FCC600C5-46DB-429C-94AE-904F4DAB9245}.Debug|Any CPU.Build.0 = Debug|Any CPU
		{FCC600C5-46DB-429C-94AE-904F4DAB9245}.Release|Any CPU.ActiveCfg = Release|Any CPU
		{FCC600C5-46DB-429C-94AE-904F4DAB9245}.Release|Any CPU.Build.0 = Release|Any CPU
	EndGlobalSection
	GlobalSection(SolutionProperties) = preSolution
		HideSolutionNode = FALSE
	EndGlobalSection
	GlobalSection(ExtensibilityGlobals) = postSolution
		SolutionGuid = {4D3FDE3F-1AB2-44DD-9BF1-C40635A3ADEE}
	EndGlobalSection
EndGlobal
